
Microsoft Visual Studio Solution File, Format Version 12.00
# Visual Studio Version 17
VisualStudioVersion = 17.0.31912.275
MinimumVisualStudioVersion = 10.0.40219.1
Project("{FAE04EC0-301F-11D3-BF4B-00C04F79EFBC}") = "SmartShop.Core", "SmartShop.Core\SmartShop.Core.csproj", "{D9D0098A-1E11-4B16-8D89-1FE83120F702}"
EndProject
Project("{FAE04EC0-301F-11D3-BF4B-00C04F79EFBC}") = "SmartShop.Data", "SmartShop.Data\SmartShop.Data.csproj", "{F4D09E8C-57DD-49B3-BF91-8576B2909A4D}"
EndProject
Project("{FAE04EC0-301F-11D3-BF4B-00C04F79EFBC}") = "SmartShop.Services", "SmartShop.Services\SmartShop.Services.csproj", "{0E0ED322-8E12-4D4F-84F7-BDD1E5093CE2}"
EndProject
Global
	GlobalSection(SolutionConfigurationPlatforms) = preSolution
		Debug|Any CPU = Debug|Any CPU
		Release|Any CPU = Release|Any CPU
	EndGlobalSection
	GlobalSection(ProjectConfigurationPlatforms) = postSolution
		{D9D0098A-1E11-4B16-8D89-1FE83120F702}.Debug|Any CPU.ActiveCfg = Debug|Any CPU
		{D9D0098A-1E11-4B16-8D89-1FE83120F702}.Debug|Any CPU.Build.0 = Debug|Any CPU
		{D9D0098A-1E11-4B16-8D89-1FE83120F702}.Release|Any CPU.ActiveCfg = Release|Any CPU
		{D9D0098A-1E11-4B16-8D89-1FE83120F702}.Release|Any CPU.Build.0 = Release|Any CPU
		{F4D09E8C-57DD-49B3-BF91-8576B2909A4D}.Debug|Any CPU.ActiveCfg = Debug|Any CPU
		{F4D09E8C-57DD-49B3-BF91-8576B2909A4D}.Debug|Any CPU.Build.0 = Debug|Any CPU
		{F4D09E8C-57DD-49B3-BF91-8576B2909A4D}.Release|Any CPU.ActiveCfg = Release|Any CPU
		{F4D09E8C-57DD-49B3-BF91-8576B2909A4D}.Release|Any CPU.Build.0 = Release|Any CPU
		{0E0ED322-8E12-4D4F-84F7-BDD1E5093CE2}.Debug|Any CPU.ActiveCfg = Debug|Any CPU
		{0E0ED322-8E12-4D4F-84F7-BDD1E5093CE2}.Debug|Any CPU.Build.0 = Debug|Any CPU
		{0E0ED322-8E12-4D4F-84F7-BDD1E5093CE2}.Release|Any CPU.ActiveCfg = Release|Any CPU
		{0E0ED322-8E12-4D4F-84F7-BDD1E5093CE2}.Release|Any CPU.Build.0 = Release|Any CPU
	EndGlobalSection
	GlobalSection(SolutionProperties) = preSolution
		HideSolutionNode = FALSE
	EndGlobalSection
	GlobalSection(ExtensibilityGlobals) = postSolution
		SolutionGuid = {CC47BC01-F1AA-487A-9E4E-D6E4A7C14E38}
	EndGlobalSection
EndGlobal
